
Microsoft Visual Studio Solution File, Format Version 12.00
# Visual Studio Version 17
VisualStudioVersion = 17.13.35931.197 d17.13
MinimumVisualStudioVersion = 10.0.40219.1
Project("{FAE04EC0-301F-11D3-BF4B-00C04F79EFBC}") = "Week_5_Assignment_5.2.2", "Week_5_Assignment_5.2.2.csproj", "{77688578-9E2D-459A-85D8-4AF6F40DA698}"
EndProject
Global
	GlobalSection(SolutionConfigurationPlatforms) = preSolution
		Debug|Any CPU = Debug|Any CPU
		Release|Any CPU = Release|Any CPU
	EndGlobalSection
	GlobalSection(ProjectConfigurationPlatforms) = postSolution
		{77688578-9E2D-459A-85D8-4AF6F40DA698}.Debug|Any CPU.ActiveCfg = Debug|Any CPU
		{77688578-9E2D-459A-85D8-4AF6F40DA698}.Debug|Any CPU.Build.0 = Debug|Any CPU
		{77688578-9E2D-459A-85D8-4AF6F40DA698}.Release|Any CPU.ActiveCfg = Release|Any CPU
		{77688578-9E2D-459A-85D8-4AF6F40DA698}.Release|Any CPU.Build.0 = Release|Any CPU
	EndGlobalSection
	GlobalSection(SolutionProperties) = preSolution
		HideSolutionNode = FALSE
	EndGlobalSection
	GlobalSection(ExtensibilityGlobals) = postSolution
		SolutionGuid = {25086708-EFA2-4C9C-AC77-F53F46BC2974}
	EndGlobalSection
EndGlobal
